<?xml version="1.0" encoding="utf-8"?>
<Project ToolsVersion="4.0" xmlns="http://schemas.microsoft.com/developer/msbuild/2003">
  <ItemGroup>
    <ClCompile Include="MemoryManager.cpp">
      <Filter>Memory</Filter>
    </ClCompile>
    <ClCompile Include="Offsets.cpp">
      <Filter>Game</Filter>
    </ClCompile>
    <ClCompile Include="ObjectManager.cpp">
      <Filter>Game\Managers</Filter>
    </ClCompile>
    <ClCompile Include="imgui\imgui.cpp">
      <Filter>Imgui</Filter>
    </ClCompile>
    <ClCompile Include="imgui\imgui_demo.cpp">
      <Filter>Imgui</Filter>
    </ClCompile>
    <ClCompile Include="imgui\imgui_draw.cpp">
      <Filter>Imgui</Filter>
    </ClCompile>
    <ClCompile Include="imgui\imgui_impl_dx11.cpp">
      <Filter>Imgui</Filter>
    </ClCompile>
    <ClCompile Include="imgui\imgui_impl_win32.cpp">
      <Filter>Imgui</Filter>
    </ClCompile>
    <ClCompile Include="imgui\imgui_tables.cpp">
      <Filter>Imgui</Filter>
    </ClCompile>
    <ClCompile Include="imgui\imgui_widgets.cpp">
      <Filter>Imgui</Filter>
    </ClCompile>
    <ClCompile Include="Overlay.cpp">
      <Filter>Game\Renderer</Filter>
    </ClCompile>
    <ClCompile Include="EloDopamine.cpp">
      <Filter>Game</Filter>
    </ClCompile>
    <ClCompile Include="Engine.cpp">
      <Filter>Game\Engine</Filter>
    </ClCompile>
    <ClCompile Include="Main.cpp" />
    <ClCompile Include="Renderer.cpp">
      <Filter>Game\Renderer</Filter>
    </ClCompile>
    <ClCompile Include="Spell.cpp">
      <Filter>Game\GameObjects\Hero\SpellBook</Filter>
    </ClCompile>
    <ClCompile Include="ObjectView.cpp">
      <Filter>Modules\ObjectView</Filter>
    </ClCompile>
    <ClCompile Include="UnitInfo.cpp">
      <Filter>Game\GameData</Filter>
    </ClCompile>
    <ClCompile Include="GameData.cpp">
      <Filter>Game\GameData</Filter>
    </ClCompile>
    <ClCompile Include="ModuleManager.cpp">
      <Filter>Game\Managers</Filter>
    </ClCompile>
    <ClCompile Include="InputController.cpp">
      <Filter>Game\Controller</Filter>
    </ClCompile>
    <ClCompile Include="OrderBase.h">
      <Filter>Game\Controller\Orders</Filter>
    </ClCompile>
    <ClCompile Include="OrbWalker.cpp">
      <Filter>Modules\OrbWalker</Filter>
    </ClCompile>
    <ClCompile Include="TextureManager.cpp">
      <Filter>Game\Renderer</Filter>
    </ClCompile>
    <ClCompile Include="SpellTracker.cpp">
      <Filter>Modules\SpellTracker</Filter>
    </ClCompile>
    <ClCompile Include="GameObject.cpp">
      <Filter>Game\GameObjects\GameObject</Filter>
    </ClCompile>
    <ClCompile Include="Hero.cpp">
      <Filter>Game\GameObjects\Hero</Filter>
    </ClCompile>
    <ClCompile Include="Minion.cpp">
      <Filter>Game\GameObjects\Minion</Filter>
    </ClCompile>
    <ClCompile Include="Avareness.cpp">
      <Filter>Modules\Avareness</Filter>
    </ClCompile>
    <ClCompile Include="AiManager.cpp">
      <Filter>Game\GameObjects\Hero\AiManager</Filter>
    </ClCompile>
    <ClCompile Include="BuffManager.cpp">
      <Filter>Game\GameObjects\Hero\BuffManager</Filter>
    </ClCompile>
    <ClCompile Include="Buff.cpp">
      <Filter>Game\GameObjects\Hero\BuffManager</Filter>
    </ClCompile>
  </ItemGroup>
  <ItemGroup>
    <Filter Include="Memory">
      <UniqueIdentifier>{55b18c83-baee-40c2-beaf-91c44fe87574}</UniqueIdentifier>
    </Filter>
    <Filter Include="Utils">
      <UniqueIdentifier>{022c3f04-7b19-418b-96b0-46b9c9c7f812}</UniqueIdentifier>
    </Filter>
    <Filter Include="Game">
      <UniqueIdentifier>{f36db1b0-19fb-49f1-847b-fdd412e92088}</UniqueIdentifier>
    </Filter>
    <Filter Include="Game\GameObjects">
      <UniqueIdentifier>{575dde86-036f-4f25-9732-4c7f75acebe0}</UniqueIdentifier>
    </Filter>
    <Filter Include="Game\Managers">
      <UniqueIdentifier>{583033e3-5d04-4cf4-8fb4-e72e619591f4}</UniqueIdentifier>
    </Filter>
    <Filter Include="Game\Renderer">
      <UniqueIdentifier>{b7c1639b-1b60-42ba-b0f4-a036e18296b3}</UniqueIdentifier>
    </Filter>
    <Filter Include="Imgui">
      <UniqueIdentifier>{9a84bdd4-abbe-447e-b44e-53117e9c4a99}</UniqueIdentifier>
    </Filter>
    <Filter Include="Game\Engine">
      <UniqueIdentifier>{cdd8b798-5c14-46e9-bf0b-9532e2aca3bc}</UniqueIdentifier>
    </Filter>
    <Filter Include="Modules">
      <UniqueIdentifier>{26537a43-1845-4004-be60-834b7698770f}</UniqueIdentifier>
    </Filter>
    <Filter Include="Modules\ObjectView">
      <UniqueIdentifier>{1148f859-dfb4-4b4c-a109-36c308746f97}</UniqueIdentifier>
    </Filter>
    <Filter Include="Game\GameData">
      <UniqueIdentifier>{698db342-2d8b-46a9-9ad2-b80726d9eb7b}</UniqueIdentifier>
    </Filter>
    <Filter Include="Game\Controller">
      <UniqueIdentifier>{5803d9de-28e2-4ba1-8744-5e96d5ae4847}</UniqueIdentifier>
    </Filter>
    <Filter Include="Game\Controller\Orders">
      <UniqueIdentifier>{8dada7e6-10ae-413b-8453-8dcc2cc57263}</UniqueIdentifier>
    </Filter>
    <Filter Include="Modules\OrbWalker">
      <UniqueIdentifier>{2bd0c62c-9088-451f-9fcb-83c260543d51}</UniqueIdentifier>
    </Filter>
    <Filter Include="Modules\SpellTracker">
      <UniqueIdentifier>{98192cc2-b0e1-48bc-a014-30ca97dd40bb}</UniqueIdentifier>
    </Filter>
    <Filter Include="Game\GameObjects\GameObject">
      <UniqueIdentifier>{47f18e50-8a14-47f6-bcf6-ca53a4749084}</UniqueIdentifier>
    </Filter>
    <Filter Include="Game\GameObjects\Hero">
      <UniqueIdentifier>{4653aadd-7e40-45b6-9828-3fc1cb9451e3}</UniqueIdentifier>
    </Filter>
    <Filter Include="Game\GameObjects\Hero\SpellBook">
      <UniqueIdentifier>{0fa4ac46-2630-42e1-a133-696f42f5a758}</UniqueIdentifier>
    </Filter>
    <Filter Include="Game\GameObjects\Minion">
      <UniqueIdentifier>{57c4a000-9269-45ec-8d96-42366bfb9769}</UniqueIdentifier>
    </Filter>
    <Filter Include="Game\GameObjects\Hero\AiManager">
      <UniqueIdentifier>{49b61b6e-bd32-4881-be12-8d2ddbc58933}</UniqueIdentifier>
    </Filter>
    <Filter Include="Modules\Avareness">
      <UniqueIdentifier>{afd6e3bb-daf4-43a4-a135-232f1fdf5a6d}</UniqueIdentifier>
    </Filter>
    <Filter Include="Game\GameObjects\Hero\BuffManager">
      <UniqueIdentifier>{8632ddb6-b0be-4986-b225-b10e99174216}</UniqueIdentifier>
    </Filter>
  </ItemGroup>
  <ItemGroup>
    <ClInclude Include="MemoryManager.h">
      <Filter>Memory</Filter>
    </ClInclude>
    <ClInclude Include="Offsets.h">
      <Filter>Game</Filter>
    </ClInclude>
    <ClInclude Include="ObjectManager.h">
      <Filter>Game\Managers</Filter>
    </ClInclude>
    <ClInclude Include="StringUtils.h">
      <Filter>Utils</Filter>
    </ClInclude>
    <ClInclude Include="XorStr.h">
      <Filter>Utils</Filter>
    </ClInclude>
    <ClInclude Include="Logger.h">
      <Filter>Utils</Filter>
    </ClInclude>
    <ClInclude Include="imgui\imgui.h">
      <Filter>Imgui</Filter>
    </ClInclude>
    <ClInclude Include="imgui\imgui_impl_dx11.h">
      <Filter>Imgui</Filter>
    </ClInclude>
    <ClInclude Include="imgui\imgui_impl_win32.h">
      <Filter>Imgui</Filter>
    </ClInclude>
    <ClInclude Include="imgui\imgui_internal.h">
      <Filter>Imgui</Filter>
    </ClInclude>
    <ClInclude Include="imgui\imstb_rectpack.h">
      <Filter>Imgui</Filter>
    </ClInclude>
    <ClInclude Include="imgui\imstb_textedit.h">
      <Filter>Imgui</Filter>
    </ClInclude>
    <ClInclude Include="imgui\imstb_truetype.h">
      <Filter>Imgui</Filter>
    </ClInclude>
    <ClInclude Include="imgui\imconfig.h">
      <Filter>Imgui</Filter>
    </ClInclude>
    <ClInclude Include="Overlay.h">
      <Filter>Game\Renderer</Filter>
    </ClInclude>
    <ClInclude Include="EloDopamine.h">
      <Filter>Game</Filter>
    </ClInclude>
    <ClInclude Include="Engine.h">
      <Filter>Game\Engine</Filter>
    </ClInclude>
    <ClInclude Include="Math.h">
      <Filter>Utils</Filter>
    </ClInclude>
    <ClInclude Include="Renderer.h">
      <Filter>Game\Renderer</Filter>
    </ClInclude>
    <ClInclude Include="Spell.h">
      <Filter>Game\GameObjects\Hero\SpellBook</Filter>
    </ClInclude>
    <ClInclude Include="Module.h">
      <Filter>Modules</Filter>
    </ClInclude>
    <ClInclude Include="ObjectView.h">
      <Filter>Modules\ObjectView</Filter>
    </ClInclude>
    <ClInclude Include="UnitInfo.h">
      <Filter>Game\GameData</Filter>
    </ClInclude>
    <ClInclude Include="GameData.h">
      <Filter>Game\GameData</Filter>
    </ClInclude>
    <ClInclude Include="ModuleManager.h">
      <Filter>Game\Managers</Filter>
    </ClInclude>
    <ClInclude Include="InputController.h">
      <Filter>Game\Controller</Filter>
    </ClInclude>
    <ClInclude Include="TimeoutOrder.h">
      <Filter>Game\Controller\Orders</Filter>
    </ClInclude>
    <ClInclude Include="MouseMoveOrder.h">
      <Filter>Game\Controller\Orders</Filter>
    </ClInclude>
    <ClInclude Include="RightClickOrder.h">
      <Filter>Game\Controller\Orders</Filter>
    </ClInclude>
    <ClInclude Include="OrbWalker.h">
      <Filter>Modules\OrbWalker</Filter>
    </ClInclude>
    <ClInclude Include="BlockInputOrder.h">
      <Filter>Game\Controller\Orders</Filter>
    </ClInclude>
    <ClInclude Include="TextureManager.h">
      <Filter>Game\Renderer</Filter>
    </ClInclude>
    <ClInclude Include="stb_image.h">
      <Filter>Utils</Filter>
    </ClInclude>
    <ClInclude Include="SpellTracker.h">
      <Filter>Modules\SpellTracker</Filter>
    </ClInclude>
    <ClInclude Include="GameObject.h">
      <Filter>Game\GameObjects\GameObject</Filter>
    </ClInclude>
    <ClInclude Include="Hero.h">
      <Filter>Game\GameObjects\Hero</Filter>
    </ClInclude>
    <ClInclude Include="Minion.h">
      <Filter>Game\GameObjects\Minion</Filter>
    </ClInclude>
    <ClInclude Include="KeyCodes.h">
      <Filter>Utils</Filter>
    </ClInclude>
    <ClInclude Include="Avareness.h">
      <Filter>Modules\Avareness</Filter>
    </ClInclude>
    <ClInclude Include="AiManager.h">
      <Filter>Game\GameObjects\Hero\AiManager</Filter>
    </ClInclude>
    <ClInclude Include="BuffManager.h">
      <Filter>Game\GameObjects\Hero\BuffManager</Filter>
    </ClInclude>
    <ClInclude Include="Buff.h">
      <Filter>Game\GameObjects\Hero\BuffManager</Filter>
    </ClInclude>
  </ItemGroup>
</Project>